
Microsoft Visual Studio Solution File, Format Version 12.00
# Visual Studio Version 17
VisualStudioVersion = 17.11.35222.181
MinimumVisualStudioVersion = 10.0.40219.1
Project("{FAE04EC0-301F-11D3-BF4B-00C04F79EFBC}") = "LektionWordGuess", "LektionWordGuess\LektionWordGuess.csproj", "{8EA4ED6C-4896-4382-A256-D5DCC7B50C3C}"
EndProject
Global
	GlobalSection(SolutionConfigurationPlatforms) = preSolution
		Debug|Any CPU = Debug|Any CPU
		Release|Any CPU = Release|Any CPU
	EndGlobalSection
	GlobalSection(ProjectConfigurationPlatforms) = postSolution
		{8EA4ED6C-4896-4382-A256-D5DCC7B50C3C}.Debug|Any CPU.ActiveCfg = Debug|Any CPU
		{8EA4ED6C-4896-4382-A256-D5DCC7B50C3C}.Debug|Any CPU.Build.0 = Debug|Any CPU
		{8EA4ED6C-4896-4382-A256-D5DCC7B50C3C}.Release|Any CPU.ActiveCfg = Release|Any CPU
		{8EA4ED6C-4896-4382-A256-D5DCC7B50C3C}.Release|Any CPU.Build.0 = Release|Any CPU
	EndGlobalSection
	GlobalSection(SolutionProperties) = preSolution
		HideSolutionNode = FALSE
	EndGlobalSection
	GlobalSection(ExtensibilityGlobals) = postSolution
		SolutionGuid = {269BEBB7-2D4D-4389-A745-0129BF7082DF}
	EndGlobalSection
EndGlobal
